
Microsoft Visual Studio Solution File, Format Version 12.00
# Visual Studio Version 16
VisualStudioVersion = 16.0.31205.134
MinimumVisualStudioVersion = 10.0.40219.1
Project("{FAE04EC0-301F-11D3-BF4B-00C04F79EFBC}") = "TrafficRulesTrainer", "TrafficRulesTrainer\TrafficRulesTrainer.csproj", "{EDD1FEE4-BBAD-4EF1-9581-137181DD2CA4}"
EndProject
Global
	GlobalSection(SolutionConfigurationPlatforms) = preSolution
		Debug|Any CPU = Debug|Any CPU
		Release|Any CPU = Release|Any CPU
	EndGlobalSection
	GlobalSection(ProjectConfigurationPlatforms) = postSolution
		{EDD1FEE4-BBAD-4EF1-9581-137181DD2CA4}.Debug|Any CPU.ActiveCfg = Debug|Any CPU
		{EDD1FEE4-BBAD-4EF1-9581-137181DD2CA4}.Debug|Any CPU.Build.0 = Debug|Any CPU
		{EDD1FEE4-BBAD-4EF1-9581-137181DD2CA4}.Release|Any CPU.ActiveCfg = Release|Any CPU
		{EDD1FEE4-BBAD-4EF1-9581-137181DD2CA4}.Release|Any CPU.Build.0 = Release|Any CPU
	EndGlobalSection
	GlobalSection(SolutionProperties) = preSolution
		HideSolutionNode = FALSE
	EndGlobalSection
	GlobalSection(ExtensibilityGlobals) = postSolution
		SolutionGuid = {C6260666-EC6F-4AD7-BB1D-B4730F05572D}
	EndGlobalSection
EndGlobal
